// !$*UTF8*$!
{
	archiveVersion = 1;
	classes = {
	};
	objectVersion = 56;
	objects = {

/* Begin PBXBuildFile section */
		CE52A78229A612CA00F68368 /* AppDelegate.swift in Sources */ = {isa = PBXBuildFile; fileRef = CE52A78129A612CA00F68368 /* AppDelegate.swift */; };
		CE52A78429A612CA00F68368 /* SceneDelegate.swift in Sources */ = {isa = PBXBuildFile; fileRef = CE52A78329A612CA00F68368 /* SceneDelegate.swift */; };
		CE52A78B29A612CE00F68368 /* Assets.xcassets in Resources */ = {isa = PBXBuildFile; fileRef = CE52A78A29A612CE00F68368 /* Assets.xcassets */; };
		CE52A78E29A612CE00F68368 /* LaunchScreen.storyboard in Resources */ = {isa = PBXBuildFile; fileRef = CE52A78C29A612CE00F68368 /* LaunchScreen.storyboard */; };
		CE52A79929A612CE00F68368 /* koreituTests.swift in Sources */ = {isa = PBXBuildFile; fileRef = CE52A79829A612CE00F68368 /* koreituTests.swift */; };
		CE52A7A329A612CE00F68368 /* koreituUITests.swift in Sources */ = {isa = PBXBuildFile; fileRef = CE52A7A229A612CE00F68368 /* koreituUITests.swift */; };
		CE52A7A529A612CE00F68368 /* koreituUITestsLaunchTests.swift in Sources */ = {isa = PBXBuildFile; fileRef = CE52A7A429A612CE00F68368 /* koreituUITestsLaunchTests.swift */; };
		CE52A7B329A613C700F68368 /* RecordViewController.swift in Sources */ = {isa = PBXBuildFile; fileRef = CE52A7B129A613C700F68368 /* RecordViewController.swift */; };
		CE52A7B429A613C700F68368 /* RecordViewController.xib in Resources */ = {isa = PBXBuildFile; fileRef = CE52A7B229A613C700F68368 /* RecordViewController.xib */; };
		CE52A7B729A8534A00F68368 /* RecordPresenter.swift in Sources */ = {isa = PBXBuildFile; fileRef = CE52A7B629A8534A00F68368 /* RecordPresenter.swift */; };
		CE52A7B929A853CD00F68368 /* RecordRouter.swift in Sources */ = {isa = PBXBuildFile; fileRef = CE52A7B829A853CD00F68368 /* RecordRouter.swift */; };
		CE52A7BC29A8547B00F68368 /* RecordProtocol.swift in Sources */ = {isa = PBXBuildFile; fileRef = CE52A7BB29A8547B00F68368 /* RecordProtocol.swift */; };
		CE52A7C329A88FB600F68368 /* ShowDataViewController.swift in Sources */ = {isa = PBXBuildFile; fileRef = CE52A7C129A88FB600F68368 /* ShowDataViewController.swift */; };
		CE52A7C429A88FB600F68368 /* ShowDataViewController.xib in Resources */ = {isa = PBXBuildFile; fileRef = CE52A7C229A88FB600F68368 /* ShowDataViewController.xib */; };
		CE52A7C629A88FCF00F68368 /* ShowDataPresenter.swift in Sources */ = {isa = PBXBuildFile; fileRef = CE52A7C529A88FCF00F68368 /* ShowDataPresenter.swift */; };
		CE52A7C829A88FDC00F68368 /* ShowDataRouter.swift in Sources */ = {isa = PBXBuildFile; fileRef = CE52A7C729A88FDC00F68368 /* ShowDataRouter.swift */; };
		CE52A7CA29A88FEC00F68368 /* IdealPresenter.swift in Sources */ = {isa = PBXBuildFile; fileRef = CE52A7C929A88FEC00F68368 /* IdealPresenter.swift */; };
		CE52A7CD29A8900400F68368 /* IdealViewController.swift in Sources */ = {isa = PBXBuildFile; fileRef = CE52A7CB29A8900400F68368 /* IdealViewController.swift */; };
		CE52A7CE29A8900400F68368 /* IdealViewController.xib in Resources */ = {isa = PBXBuildFile; fileRef = CE52A7CC29A8900400F68368 /* IdealViewController.xib */; };
		CE52A7D029A8901100F68368 /* IdealRouter.swift in Sources */ = {isa = PBXBuildFile; fileRef = CE52A7CF29A8901100F68368 /* IdealRouter.swift */; };
		CE52A7D229A8901F00F68368 /* DeletePresenter.swift in Sources */ = {isa = PBXBuildFile; fileRef = CE52A7D129A8901F00F68368 /* DeletePresenter.swift */; };
		CE52A7D529A8903100F68368 /* DeleteViewController.swift in Sources */ = {isa = PBXBuildFile; fileRef = CE52A7D329A8903100F68368 /* DeleteViewController.swift */; };
		CE52A7D629A8903100F68368 /* DeleteViewController.xib in Resources */ = {isa = PBXBuildFile; fileRef = CE52A7D429A8903100F68368 /* DeleteViewController.xib */; };
		CE52A7D829A8905300F68368 /* DeleteRouter.swift in Sources */ = {isa = PBXBuildFile; fileRef = CE52A7D729A8905300F68368 /* DeleteRouter.swift */; };
		CE52A7DA29A8907700F68368 /* DeleteProtocol.swift in Sources */ = {isa = PBXBuildFile; fileRef = CE52A7D929A8907700F68368 /* DeleteProtocol.swift */; };
		CE52A7DC29A8908B00F68368 /* IdealProtocol.swift in Sources */ = {isa = PBXBuildFile; fileRef = CE52A7DB29A8908B00F68368 /* IdealProtocol.swift */; };
		CE52A7DE29A8909700F68368 /* ShowDataProtocol.swift in Sources */ = {isa = PBXBuildFile; fileRef = CE52A7DD29A8909700F68368 /* ShowDataProtocol.swift */; };
		CE52A82629A89E4C00F68368 /* MainTabBarController.swift in Sources */ = {isa = PBXBuildFile; fileRef = CE52A82529A89E4C00F68368 /* MainTabBarController.swift */; };
		CE52A82829A8B09D00F68368 /* AppViewController.swift in Sources */ = {isa = PBXBuildFile; fileRef = CE52A82729A8B09D00F68368 /* AppViewController.swift */; };
		CE52A82B29A8B43A00F68368 /* MainTabPresenter.swift in Sources */ = {isa = PBXBuildFile; fileRef = CE52A82A29A8B43A00F68368 /* MainTabPresenter.swift */; };
		CE52A82D29A8B44900F68368 /* MainTabRouter.swift in Sources */ = {isa = PBXBuildFile; fileRef = CE52A82C29A8B44900F68368 /* MainTabRouter.swift */; };
		CE52A82F29A8B48A00F68368 /* MainTabWireframeProtocol.swift in Sources */ = {isa = PBXBuildFile; fileRef = CE52A82E29A8B48A00F68368 /* MainTabWireframeProtocol.swift */; };
		CE52A83129A8B58800F68368 /* MainTabItemIndex.swift in Sources */ = {isa = PBXBuildFile; fileRef = CE52A83029A8B58800F68368 /* MainTabItemIndex.swift */; };
		CE52A83329A8BA7500F68368 /* JALNavigationController.swift in Sources */ = {isa = PBXBuildFile; fileRef = CE52A83229A8BA7500F68368 /* JALNavigationController.swift */; };
		CE9F7DAC29D17F79000AFA5C /* Item.swift in Sources */ = {isa = PBXBuildFile; fileRef = CE9F7DAB29D17F79000AFA5C /* Item.swift */; };
		CE9F7DAF29D180DE000AFA5C /* FileManager.swift in Sources */ = {isa = PBXBuildFile; fileRef = CE9F7DAE29D180DE000AFA5C /* FileManager.swift */; };
/* End PBXBuildFile section */

/* Begin PBXContainerItemProxy section */
		CE52A79529A612CE00F68368 /* PBXContainerItemProxy */ = {
			isa = PBXContainerItemProxy;
			containerPortal = CE52A77629A612CA00F68368 /* Project object */;
			proxyType = 1;
			remoteGlobalIDString = CE52A77D29A612CA00F68368;
			remoteInfo = koreitu;
		};
		CE52A79F29A612CE00F68368 /* PBXContainerItemProxy */ = {
			isa = PBXContainerItemProxy;
			containerPortal = CE52A77629A612CA00F68368 /* Project object */;
			proxyType = 1;
			remoteGlobalIDString = CE52A77D29A612CA00F68368;
			remoteInfo = koreitu;
		};
/* End PBXContainerItemProxy section */

/* Begin PBXFileReference section */
		CE52A77E29A612CA00F68368 /* koreitu.app */ = {isa = PBXFileReference; explicitFileType = wrapper.application; includeInIndex = 0; path = koreitu.app; sourceTree = BUILT_PRODUCTS_DIR; };
		CE52A78129A612CA00F68368 /* AppDelegate.swift */ = {isa = PBXFileReference; lastKnownFileType = sourcecode.swift; path = AppDelegate.swift; sourceTree = "<group>"; };
		CE52A78329A612CA00F68368 /* SceneDelegate.swift */ = {isa = PBXFileReference; lastKnownFileType = sourcecode.swift; path = SceneDelegate.swift; sourceTree = "<group>"; };
		CE52A78A29A612CE00F68368 /* Assets.xcassets */ = {isa = PBXFileReference; lastKnownFileType = folder.assetcatalog; path = Assets.xcassets; sourceTree = "<group>"; };
		CE52A78D29A612CE00F68368 /* Base */ = {isa = PBXFileReference; lastKnownFileType = file.storyboard; name = Base; path = Base.lproj/LaunchScreen.storyboard; sourceTree = "<group>"; };
		CE52A78F29A612CE00F68368 /* Info.plist */ = {isa = PBXFileReference; lastKnownFileType = text.plist.xml; path = Info.plist; sourceTree = "<group>"; };
		CE52A79429A612CE00F68368 /* koreituTests.xctest */ = {isa = PBXFileReference; explicitFileType = wrapper.cfbundle; includeInIndex = 0; path = koreituTests.xctest; sourceTree = BUILT_PRODUCTS_DIR; };
		CE52A79829A612CE00F68368 /* koreituTests.swift */ = {isa = PBXFileReference; lastKnownFileType = sourcecode.swift; path = koreituTests.swift; sourceTree = "<group>"; };
		CE52A79E29A612CE00F68368 /* koreituUITests.xctest */ = {isa = PBXFileReference; explicitFileType = wrapper.cfbundle; includeInIndex = 0; path = koreituUITests.xctest; sourceTree = BUILT_PRODUCTS_DIR; };
		CE52A7A229A612CE00F68368 /* koreituUITests.swift */ = {isa = PBXFileReference; lastKnownFileType = sourcecode.swift; path = koreituUITests.swift; sourceTree = "<group>"; };
		CE52A7A429A612CE00F68368 /* koreituUITestsLaunchTests.swift */ = {isa = PBXFileReference; lastKnownFileType = sourcecode.swift; path = koreituUITestsLaunchTests.swift; sourceTree = "<group>"; };
		CE52A7B129A613C700F68368 /* RecordViewController.swift */ = {isa = PBXFileReference; lastKnownFileType = sourcecode.swift; path = RecordViewController.swift; sourceTree = "<group>"; };
		CE52A7B229A613C700F68368 /* RecordViewController.xib */ = {isa = PBXFileReference; lastKnownFileType = file.xib; path = RecordViewController.xib; sourceTree = "<group>"; };
		CE52A7B629A8534A00F68368 /* RecordPresenter.swift */ = {isa = PBXFileReference; lastKnownFileType = sourcecode.swift; path = RecordPresenter.swift; sourceTree = "<group>"; };
		CE52A7B829A853CD00F68368 /* RecordRouter.swift */ = {isa = PBXFileReference; lastKnownFileType = sourcecode.swift; path = RecordRouter.swift; sourceTree = "<group>"; };
		CE52A7BB29A8547B00F68368 /* RecordProtocol.swift */ = {isa = PBXFileReference; lastKnownFileType = sourcecode.swift; path = RecordProtocol.swift; sourceTree = "<group>"; };
		CE52A7C129A88FB600F68368 /* ShowDataViewController.swift */ = {isa = PBXFileReference; lastKnownFileType = sourcecode.swift; path = ShowDataViewController.swift; sourceTree = "<group>"; };
		CE52A7C229A88FB600F68368 /* ShowDataViewController.xib */ = {isa = PBXFileReference; lastKnownFileType = file.xib; path = ShowDataViewController.xib; sourceTree = "<group>"; };
		CE52A7C529A88FCF00F68368 /* ShowDataPresenter.swift */ = {isa = PBXFileReference; lastKnownFileType = sourcecode.swift; path = ShowDataPresenter.swift; sourceTree = "<group>"; };
		CE52A7C729A88FDC00F68368 /* ShowDataRouter.swift */ = {isa = PBXFileReference; lastKnownFileType = sourcecode.swift; path = ShowDataRouter.swift; sourceTree = "<group>"; };
		CE52A7C929A88FEC00F68368 /* IdealPresenter.swift */ = {isa = PBXFileReference; lastKnownFileType = sourcecode.swift; path = IdealPresenter.swift; sourceTree = "<group>"; };
		CE52A7CB29A8900400F68368 /* IdealViewController.swift */ = {isa = PBXFileReference; lastKnownFileType = sourcecode.swift; path = IdealViewController.swift; sourceTree = "<group>"; };
		CE52A7CC29A8900400F68368 /* IdealViewController.xib */ = {isa = PBXFileReference; lastKnownFileType = file.xib; path = IdealViewController.xib; sourceTree = "<group>"; };
		CE52A7CF29A8901100F68368 /* IdealRouter.swift */ = {isa = PBXFileReference; lastKnownFileType = sourcecode.swift; path = IdealRouter.swift; sourceTree = "<group>"; };
		CE52A7D129A8901F00F68368 /* DeletePresenter.swift */ = {isa = PBXFileReference; lastKnownFileType = sourcecode.swift; path = DeletePresenter.swift; sourceTree = "<group>"; };
		CE52A7D329A8903100F68368 /* DeleteViewController.swift */ = {isa = PBXFileReference; lastKnownFileType = sourcecode.swift; path = DeleteViewController.swift; sourceTree = "<group>"; };
		CE52A7D429A8903100F68368 /* DeleteViewController.xib */ = {isa = PBXFileReference; lastKnownFileType = file.xib; path = DeleteViewController.xib; sourceTree = "<group>"; };
		CE52A7D729A8905300F68368 /* DeleteRouter.swift */ = {isa = PBXFileReference; lastKnownFileType = sourcecode.swift; path = DeleteRouter.swift; sourceTree = "<group>"; };
		CE52A7D929A8907700F68368 /* DeleteProtocol.swift */ = {isa = PBXFileReference; lastKnownFileType = sourcecode.swift; path = DeleteProtocol.swift; sourceTree = "<group>"; };
		CE52A7DB29A8908B00F68368 /* IdealProtocol.swift */ = {isa = PBXFileReference; lastKnownFileType = sourcecode.swift; path = IdealProtocol.swift; sourceTree = "<group>"; };
		CE52A7DD29A8909700F68368 /* ShowDataProtocol.swift */ = {isa = PBXFileReference; lastKnownFileType = sourcecode.swift; path = ShowDataProtocol.swift; sourceTree = "<group>"; };
		CE52A82529A89E4C00F68368 /* MainTabBarController.swift */ = {isa = PBXFileReference; lastKnownFileType = sourcecode.swift; path = MainTabBarController.swift; sourceTree = "<group>"; };
		CE52A82729A8B09D00F68368 /* AppViewController.swift */ = {isa = PBXFileReference; lastKnownFileType = sourcecode.swift; path = AppViewController.swift; sourceTree = "<group>"; };
		CE52A82A29A8B43A00F68368 /* MainTabPresenter.swift */ = {isa = PBXFileReference; lastKnownFileType = sourcecode.swift; path = MainTabPresenter.swift; sourceTree = "<group>"; };
		CE52A82C29A8B44900F68368 /* MainTabRouter.swift */ = {isa = PBXFileReference; lastKnownFileType = sourcecode.swift; path = MainTabRouter.swift; sourceTree = "<group>"; };
		CE52A82E29A8B48A00F68368 /* MainTabWireframeProtocol.swift */ = {isa = PBXFileReference; lastKnownFileType = sourcecode.swift; path = MainTabWireframeProtocol.swift; sourceTree = "<group>"; };
		CE52A83029A8B58800F68368 /* MainTabItemIndex.swift */ = {isa = PBXFileReference; lastKnownFileType = sourcecode.swift; path = MainTabItemIndex.swift; sourceTree = "<group>"; };
		CE52A83229A8BA7500F68368 /* JALNavigationController.swift */ = {isa = PBXFileReference; lastKnownFileType = sourcecode.swift; path = JALNavigationController.swift; sourceTree = "<group>"; };
		CE9F7DAB29D17F79000AFA5C /* Item.swift */ = {isa = PBXFileReference; lastKnownFileType = sourcecode.swift; path = Item.swift; sourceTree = "<group>"; };
		CE9F7DAE29D180DE000AFA5C /* FileManager.swift */ = {isa = PBXFileReference; lastKnownFileType = sourcecode.swift; path = FileManager.swift; sourceTree = "<group>"; };
/* End PBXFileReference section */

/* Begin PBXFrameworksBuildPhase section */
		CE52A77B29A612CA00F68368 /* Frameworks */ = {
			isa = PBXFrameworksBuildPhase;
			buildActionMask = 2147483647;
			files = (
			);
			runOnlyForDeploymentPostprocessing = 0;
		};
		CE52A79129A612CE00F68368 /* Frameworks */ = {
			isa = PBXFrameworksBuildPhase;
			buildActionMask = 2147483647;
			files = (
			);
			runOnlyForDeploymentPostprocessing = 0;
		};
		CE52A79B29A612CE00F68368 /* Frameworks */ = {
			isa = PBXFrameworksBuildPhase;
			buildActionMask = 2147483647;
			files = (
			);
			runOnlyForDeploymentPostprocessing = 0;
		};
/* End PBXFrameworksBuildPhase section */

/* Begin PBXGroup section */
		CE52A77529A612CA00F68368 = {
			isa = PBXGroup;
			children = (
				CE52A82929A8B42700F68368 /* MainTabBar */,
				CE52A82729A8B09D00F68368 /* AppViewController.swift */,
				CE52A78029A612CA00F68368 /* koreitu */,
				CE52A79729A612CE00F68368 /* koreituTests */,
				CE52A7A129A612CE00F68368 /* koreituUITests */,
				CE52A77F29A612CA00F68368 /* Products */,
			);
			sourceTree = "<group>";
		};
		CE52A77F29A612CA00F68368 /* Products */ = {
			isa = PBXGroup;
			children = (
				CE52A77E29A612CA00F68368 /* koreitu.app */,
				CE52A79429A612CE00F68368 /* koreituTests.xctest */,
				CE52A79E29A612CE00F68368 /* koreituUITests.xctest */,
			);
			name = Products;
			sourceTree = "<group>";
		};
		CE52A78029A612CA00F68368 /* koreitu */ = {
			isa = PBXGroup;
			children = (
				CE9F7DAD29D180D0000AFA5C /* Extention */,
				CE9F7DAB29D17F79000AFA5C /* Item.swift */,
				CE52A7C029A88F8600F68368 /* Delete */,
				CE52A7BF29A88F5C00F68368 /* Ideal */,
				CE52A7BE29A88F4900F68368 /* ShowData */,
				CE52A7BA29A853E500F68368 /* Protocols */,
				CE52A7B529A8532800F68368 /* Record */,
				CE52A78129A612CA00F68368 /* AppDelegate.swift */,
				CE52A78329A612CA00F68368 /* SceneDelegate.swift */,
				CE52A78A29A612CE00F68368 /* Assets.xcassets */,
				CE52A78C29A612CE00F68368 /* LaunchScreen.storyboard */,
				CE52A78F29A612CE00F68368 /* Info.plist */,
			);
			path = koreitu;
			sourceTree = "<group>";
		};
		CE52A79729A612CE00F68368 /* koreituTests */ = {
			isa = PBXGroup;
			children = (
				CE52A79829A612CE00F68368 /* koreituTests.swift */,
			);
			path = koreituTests;
			sourceTree = "<group>";
		};
		CE52A7A129A612CE00F68368 /* koreituUITests */ = {
			isa = PBXGroup;
			children = (
				CE52A7A229A612CE00F68368 /* koreituUITests.swift */,
				CE52A7A429A612CE00F68368 /* koreituUITestsLaunchTests.swift */,
			);
			path = koreituUITests;
			sourceTree = "<group>";
		};
		CE52A7B529A8532800F68368 /* Record */ = {
			isa = PBXGroup;
			children = (
				CE52A7B129A613C700F68368 /* RecordViewController.swift */,
				CE52A7B229A613C700F68368 /* RecordViewController.xib */,
				CE52A7B629A8534A00F68368 /* RecordPresenter.swift */,
				CE52A7B829A853CD00F68368 /* RecordRouter.swift */,
			);
			path = Record;
			sourceTree = "<group>";
		};
		CE52A7BA29A853E500F68368 /* Protocols */ = {
			isa = PBXGroup;
			children = (
				CE52A7BB29A8547B00F68368 /* RecordProtocol.swift */,
				CE52A7D929A8907700F68368 /* DeleteProtocol.swift */,
				CE52A7DB29A8908B00F68368 /* IdealProtocol.swift */,
				CE52A7DD29A8909700F68368 /* ShowDataProtocol.swift */,
				CE52A82E29A8B48A00F68368 /* MainTabWireframeProtocol.swift */,
			);
			path = Protocols;
			sourceTree = "<group>";
		};
		CE52A7BE29A88F4900F68368 /* ShowData */ = {
			isa = PBXGroup;
			children = (
				CE52A7C129A88FB600F68368 /* ShowDataViewController.swift */,
				CE52A7C229A88FB600F68368 /* ShowDataViewController.xib */,
				CE52A7C529A88FCF00F68368 /* ShowDataPresenter.swift */,
				CE52A7C729A88FDC00F68368 /* ShowDataRouter.swift */,
			);
			path = ShowData;
			sourceTree = "<group>";
		};
		CE52A7BF29A88F5C00F68368 /* Ideal */ = {
			isa = PBXGroup;
			children = (
				CE52A7C929A88FEC00F68368 /* IdealPresenter.swift */,
				CE52A7CB29A8900400F68368 /* IdealViewController.swift */,
				CE52A7CC29A8900400F68368 /* IdealViewController.xib */,
				CE52A7CF29A8901100F68368 /* IdealRouter.swift */,
			);
			path = Ideal;
			sourceTree = "<group>";
		};
		CE52A7C029A88F8600F68368 /* Delete */ = {
			isa = PBXGroup;
			children = (
				CE52A7D129A8901F00F68368 /* DeletePresenter.swift */,
				CE52A7D329A8903100F68368 /* DeleteViewController.swift */,
				CE52A7D429A8903100F68368 /* DeleteViewController.xib */,
				CE52A7D729A8905300F68368 /* DeleteRouter.swift */,
			);
			path = Delete;
			sourceTree = "<group>";
		};
		CE52A82929A8B42700F68368 /* MainTabBar */ = {
			isa = PBXGroup;
			children = (
				CE52A82529A89E4C00F68368 /* MainTabBarController.swift */,
				CE52A82A29A8B43A00F68368 /* MainTabPresenter.swift */,
				CE52A82C29A8B44900F68368 /* MainTabRouter.swift */,
				CE52A83229A8BA7500F68368 /* JALNavigationController.swift */,
				CE52A83029A8B58800F68368 /* MainTabItemIndex.swift */,
			);
			path = MainTabBar;
			sourceTree = "<group>";
		};
		CE9F7DAD29D180D0000AFA5C /* Extention */ = {
			isa = PBXGroup;
			children = (
				CE9F7DAE29D180DE000AFA5C /* FileManager.swift */,
			);
			path = Extention;
			sourceTree = "<group>";
		};
/* End PBXGroup section */

/* Begin PBXNativeTarget section */
		CE52A77D29A612CA00F68368 /* koreitu */ = {
			isa = PBXNativeTarget;
			buildConfigurationList = CE52A7A829A612CE00F68368 /* Build configuration list for PBXNativeTarget "koreitu" */;
			buildPhases = (
				CE52A77A29A612CA00F68368 /* Sources */,
				CE52A77B29A612CA00F68368 /* Frameworks */,
				CE52A77C29A612CA00F68368 /* Resources */,
			);
			buildRules = (
			);
			dependencies = (
			);
			name = koreitu;
			productName = koreitu;
			productReference = CE52A77E29A612CA00F68368 /* koreitu.app */;
			productType = "com.apple.product-type.application";
		};
		CE52A79329A612CE00F68368 /* koreituTests */ = {
			isa = PBXNativeTarget;
			buildConfigurationList = CE52A7AB29A612CE00F68368 /* Build configuration list for PBXNativeTarget "koreituTests" */;
			buildPhases = (
				CE52A79029A612CE00F68368 /* Sources */,
				CE52A79129A612CE00F68368 /* Frameworks */,
				CE52A79229A612CE00F68368 /* Resources */,
			);
			buildRules = (
			);
			dependencies = (
				CE52A79629A612CE00F68368 /* PBXTargetDependency */,
			);
			name = koreituTests;
			productName = koreituTests;
			productReference = CE52A79429A612CE00F68368 /* koreituTests.xctest */;
			productType = "com.apple.product-type.bundle.unit-test";
		};
		CE52A79D29A612CE00F68368 /* koreituUITests */ = {
			isa = PBXNativeTarget;
			buildConfigurationList = CE52A7AE29A612CE00F68368 /* Build configuration list for PBXNativeTarget "koreituUITests" */;
			buildPhases = (
				CE52A79A29A612CE00F68368 /* Sources */,
				CE52A79B29A612CE00F68368 /* Frameworks */,
				CE52A79C29A612CE00F68368 /* Resources */,
			);
			buildRules = (
			);
			dependencies = (
				CE52A7A029A612CE00F68368 /* PBXTargetDependency */,
			);
			name = koreituUITests;
			productName = koreituUITests;
			productReference = CE52A79E29A612CE00F68368 /* koreituUITests.xctest */;
			productType = "com.apple.product-type.bundle.ui-testing";
		};
/* End PBXNativeTarget section */

/* Begin PBXProject section */
		CE52A77629A612CA00F68368 /* Project object */ = {
			isa = PBXProject;
			attributes = {
				BuildIndependentTargetsInParallel = 1;
				LastSwiftUpdateCheck = 1420;
				LastUpgradeCheck = 1420;
				TargetAttributes = {
					CE52A77D29A612CA00F68368 = {
						CreatedOnToolsVersion = 14.2;
					};
					CE52A79329A612CE00F68368 = {
						CreatedOnToolsVersion = 14.2;
						TestTargetID = CE52A77D29A612CA00F68368;
					};
					CE52A79D29A612CE00F68368 = {
						CreatedOnToolsVersion = 14.2;
						TestTargetID = CE52A77D29A612CA00F68368;
					};
				};
			};
			buildConfigurationList = CE52A77929A612CA00F68368 /* Build configuration list for PBXProject "koreitu" */;
			compatibilityVersion = "Xcode 14.0";
			developmentRegion = en;
			hasScannedForEncodings = 0;
			knownRegions = (
				en,
				Base,
			);
			mainGroup = CE52A77529A612CA00F68368;
			productRefGroup = CE52A77F29A612CA00F68368 /* Products */;
			projectDirPath = "";
			projectRoot = "";
			targets = (
				CE52A77D29A612CA00F68368 /* koreitu */,
				CE52A79329A612CE00F68368 /* koreituTests */,
				CE52A79D29A612CE00F68368 /* koreituUITests */,
			);
		};
/* End PBXProject section */

/* Begin PBXResourcesBuildPhase section */
		CE52A77C29A612CA00F68368 /* Resources */ = {
			isa = PBXResourcesBuildPhase;
			buildActionMask = 2147483647;
			files = (
				CE52A7CE29A8900400F68368 /* IdealViewController.xib in Resources */,
				CE52A78E29A612CE00F68368 /* LaunchScreen.storyboard in Resources */,
				CE52A7C429A88FB600F68368 /* ShowDataViewController.xib in Resources */,
				CE52A78B29A612CE00F68368 /* Assets.xcassets in Resources */,
				CE52A7D629A8903100F68368 /* DeleteViewController.xib in Resources */,
				CE52A7B429A613C700F68368 /* RecordViewController.xib in Resources */,
			);
			runOnlyForDeploymentPostprocessing = 0;
		};
		CE52A79229A612CE00F68368 /* Resources */ = {
			isa = PBXResourcesBuildPhase;
			buildActionMask = 2147483647;
			files = (
			);
			runOnlyForDeploymentPostprocessing = 0;
		};
		CE52A79C29A612CE00F68368 /* Resources */ = {
			isa = PBXResourcesBuildPhase;
			buildActionMask = 2147483647;
			files = (
			);
			runOnlyForDeploymentPostprocessing = 0;
		};
/* End PBXResourcesBuildPhase section */

/* Begin PBXSourcesBuildPhase section */
		CE52A77A29A612CA00F68368 /* Sources */ = {
			isa = PBXSourcesBuildPhase;
			buildActionMask = 2147483647;
			files = (
				CE52A7C829A88FDC00F68368 /* ShowDataRouter.swift in Sources */,
				CE52A7D829A8905300F68368 /* DeleteRouter.swift in Sources */,
				CE52A7B929A853CD00F68368 /* RecordRouter.swift in Sources */,
				CE52A7CA29A88FEC00F68368 /* IdealPresenter.swift in Sources */,
				CE52A7DA29A8907700F68368 /* DeleteProtocol.swift in Sources */,
				CE52A82B29A8B43A00F68368 /* MainTabPresenter.swift in Sources */,
				CE52A82F29A8B48A00F68368 /* MainTabWireframeProtocol.swift in Sources */,
				CE52A82629A89E4C00F68368 /* MainTabBarController.swift in Sources */,
				CE52A7CD29A8900400F68368 /* IdealViewController.swift in Sources */,
				CE52A7D029A8901100F68368 /* IdealRouter.swift in Sources */,
				CE52A78229A612CA00F68368 /* AppDelegate.swift in Sources */,
				CE52A78429A612CA00F68368 /* SceneDelegate.swift in Sources */,
				CE52A83129A8B58800F68368 /* MainTabItemIndex.swift in Sources */,
				CE52A83329A8BA7500F68368 /* JALNavigationController.swift in Sources */,
				CE52A82829A8B09D00F68368 /* AppViewController.swift in Sources */,
				CE9F7DAF29D180DE000AFA5C /* FileManager.swift in Sources */,
				CE52A7BC29A8547B00F68368 /* RecordProtocol.swift in Sources */,
				CE52A7DE29A8909700F68368 /* ShowDataProtocol.swift in Sources */,
				CE52A7B729A8534A00F68368 /* RecordPresenter.swift in Sources */,
				CE52A7D229A8901F00F68368 /* DeletePresenter.swift in Sources */,
				CE52A7DC29A8908B00F68368 /* IdealProtocol.swift in Sources */,
				CE9F7DAC29D17F79000AFA5C /* Item.swift in Sources */,
				CE52A7C629A88FCF00F68368 /* ShowDataPresenter.swift in Sources */,
				CE52A7B329A613C700F68368 /* RecordViewController.swift in Sources */,
				CE52A82D29A8B44900F68368 /* MainTabRouter.swift in Sources */,
				CE52A7D529A8903100F68368 /* DeleteViewController.swift in Sources */,
				CE52A7C329A88FB600F68368 /* ShowDataViewController.swift in Sources */,
			);
			runOnlyForDeploymentPostprocessing = 0;
		};
		CE52A79029A612CE00F68368 /* Sources */ = {
			isa = PBXSourcesBuildPhase;
			buildActionMask = 2147483647;
			files = (
				CE52A79929A612CE00F68368 /* koreituTests.swift in Sources */,
			);
			runOnlyForDeploymentPostprocessing = 0;
		};
		CE52A79A29A612CE00F68368 /* Sources */ = {
			isa = PBXSourcesBuildPhase;
			buildActionMask = 2147483647;
			files = (
				CE52A7A529A612CE00F68368 /* koreituUITestsLaunchTests.swift in Sources */,
				CE52A7A329A612CE00F68368 /* koreituUITests.swift in Sources */,
			);
			runOnlyForDeploymentPostprocessing = 0;
		};
/* End PBXSourcesBuildPhase section */

/* Begin PBXTargetDependency section */
		CE52A79629A612CE00F68368 /* PBXTargetDependency */ = {
			isa = PBXTargetDependency;
			target = CE52A77D29A612CA00F68368 /* koreitu */;
			targetProxy = CE52A79529A612CE00F68368 /* PBXContainerItemProxy */;
		};
		CE52A7A029A612CE00F68368 /* PBXTargetDependency */ = {
			isa = PBXTargetDependency;
			target = CE52A77D29A612CA00F68368 /* koreitu */;
			targetProxy = CE52A79F29A612CE00F68368 /* PBXContainerItemProxy */;
		};
/* End PBXTargetDependency section */

/* Begin PBXVariantGroup section */
		CE52A78C29A612CE00F68368 /* LaunchScreen.storyboard */ = {
			isa = PBXVariantGroup;
			children = (
				CE52A78D29A612CE00F68368 /* Base */,
			);
			name = LaunchScreen.storyboard;
			sourceTree = "<group>";
		};
/* End PBXVariantGroup section */

/* Begin XCBuildConfiguration section */
		CE52A7A629A612CE00F68368 /* Debug */ = {
			isa = XCBuildConfiguration;
			buildSettings = {
				ALWAYS_SEARCH_USER_PATHS = NO;
				CLANG_ANALYZER_NONNULL = YES;
				CLANG_ANALYZER_NUMBER_OBJECT_CONVERSION = YES_AGGRESSIVE;
				CLANG_CXX_LANGUAGE_STANDARD = "gnu++20";
				CLANG_ENABLE_MODULES = YES;
				CLANG_ENABLE_OBJC_ARC = YES;
				CLANG_ENABLE_OBJC_WEAK = YES;
				CLANG_WARN_BLOCK_CAPTURE_AUTORELEASING = YES;
				CLANG_WARN_BOOL_CONVERSION = YES;
				CLANG_WARN_COMMA = YES;
				CLANG_WARN_CONSTANT_CONVERSION = YES;
				CLANG_WARN_DEPRECATED_OBJC_IMPLEMENTATIONS = YES;
				CLANG_WARN_DIRECT_OBJC_ISA_USAGE = YES_ERROR;
				CLANG_WARN_DOCUMENTATION_COMMENTS = YES;
				CLANG_WARN_EMPTY_BODY = YES;
				CLANG_WARN_ENUM_CONVERSION = YES;
				CLANG_WARN_INFINITE_RECURSION = YES;
				CLANG_WARN_INT_CONVERSION = YES;
				CLANG_WARN_NON_LITERAL_NULL_CONVERSION = YES;
				CLANG_WARN_OBJC_IMPLICIT_RETAIN_SELF = YES;
				CLANG_WARN_OBJC_LITERAL_CONVERSION = YES;
				CLANG_WARN_OBJC_ROOT_CLASS = YES_ERROR;
				CLANG_WARN_QUOTED_INCLUDE_IN_FRAMEWORK_HEADER = YES;
				CLANG_WARN_RANGE_LOOP_ANALYSIS = YES;
				CLANG_WARN_STRICT_PROTOTYPES = YES;
				CLANG_WARN_SUSPICIOUS_MOVE = YES;
				CLANG_WARN_UNGUARDED_AVAILABILITY = YES_AGGRESSIVE;
				CLANG_WARN_UNREACHABLE_CODE = YES;
				CLANG_WARN__DUPLICATE_METHOD_MATCH = YES;
				COPY_PHASE_STRIP = NO;
				DEBUG_INFORMATION_FORMAT = dwarf;
				ENABLE_STRICT_OBJC_MSGSEND = YES;
				ENABLE_TESTABILITY = YES;
				GCC_C_LANGUAGE_STANDARD = gnu11;
				GCC_DYNAMIC_NO_PIC = NO;
				GCC_NO_COMMON_BLOCKS = YES;
				GCC_OPTIMIZATION_LEVEL = 0;
				GCC_PREPROCESSOR_DEFINITIONS = (
					"DEBUG=1",
					"$(inherited)",
				);
				GCC_WARN_64_TO_32_BIT_CONVERSION = YES;
				GCC_WARN_ABOUT_RETURN_TYPE = YES_ERROR;
				GCC_WARN_UNDECLARED_SELECTOR = YES;
				GCC_WARN_UNINITIALIZED_AUTOS = YES_AGGRESSIVE;
				GCC_WARN_UNUSED_FUNCTION = YES;
				GCC_WARN_UNUSED_VARIABLE = YES;
				IPHONEOS_DEPLOYMENT_TARGET = 16.2;
				MTL_ENABLE_DEBUG_INFO = INCLUDE_SOURCE;
				MTL_FAST_MATH = YES;
				ONLY_ACTIVE_ARCH = YES;
				SDKROOT = iphoneos;
				SWIFT_ACTIVE_COMPILATION_CONDITIONS = DEBUG;
				SWIFT_OPTIMIZATION_LEVEL = "-Onone";
			};
			name = Debug;
		};
		CE52A7A729A612CE00F68368 /* Release */ = {
			isa = XCBuildConfiguration;
			buildSettings = {
				ALWAYS_SEARCH_USER_PATHS = NO;
				CLANG_ANALYZER_NONNULL = YES;
				CLANG_ANALYZER_NUMBER_OBJECT_CONVERSION = YES_AGGRESSIVE;
				CLANG_CXX_LANGUAGE_STANDARD = "gnu++20";
				CLANG_ENABLE_MODULES = YES;
				CLANG_ENABLE_OBJC_ARC = YES;
				CLANG_ENABLE_OBJC_WEAK = YES;
				CLANG_WARN_BLOCK_CAPTURE_AUTORELEASING = YES;
				CLANG_WARN_BOOL_CONVERSION = YES;
				CLANG_WARN_COMMA = YES;
				CLANG_WARN_CONSTANT_CONVERSION = YES;
				CLANG_WARN_DEPRECATED_OBJC_IMPLEMENTATIONS = YES;
				CLANG_WARN_DIRECT_OBJC_ISA_USAGE = YES_ERROR;
				CLANG_WARN_DOCUMENTATION_COMMENTS = YES;
				CLANG_WARN_EMPTY_BODY = YES;
				CLANG_WARN_ENUM_CONVERSION = YES;
				CLANG_WARN_INFINITE_RECURSION = YES;
				CLANG_WARN_INT_CONVERSION = YES;
				CLANG_WARN_NON_LITERAL_NULL_CONVERSION = YES;
				CLANG_WARN_OBJC_IMPLICIT_RETAIN_SELF = YES;
				CLANG_WARN_OBJC_LITERAL_CONVERSION = YES;
				CLANG_WARN_OBJC_ROOT_CLASS = YES_ERROR;
				CLANG_WARN_QUOTED_INCLUDE_IN_FRAMEWORK_HEADER = YES;
				CLANG_WARN_RANGE_LOOP_ANALYSIS = YES;
				CLANG_WARN_STRICT_PROTOTYPES = YES;
				CLANG_WARN_SUSPICIOUS_MOVE = YES;
				CLANG_WARN_UNGUARDED_AVAILABILITY = YES_AGGRESSIVE;
				CLANG_WARN_UNREACHABLE_CODE = YES;
				CLANG_WARN__DUPLICATE_METHOD_MATCH = YES;
				COPY_PHASE_STRIP = NO;
				DEBUG_INFORMATION_FORMAT = "dwarf-with-dsym";
				ENABLE_NS_ASSERTIONS = NO;
				ENABLE_STRICT_OBJC_MSGSEND = YES;
				GCC_C_LANGUAGE_STANDARD = gnu11;
				GCC_NO_COMMON_BLOCKS = YES;
				GCC_WARN_64_TO_32_BIT_CONVERSION = YES;
				GCC_WARN_ABOUT_RETURN_TYPE = YES_ERROR;
				GCC_WARN_UNDECLARED_SELECTOR = YES;
				GCC_WARN_UNINITIALIZED_AUTOS = YES_AGGRESSIVE;
				GCC_WARN_UNUSED_FUNCTION = YES;
				GCC_WARN_UNUSED_VARIABLE = YES;
				IPHONEOS_DEPLOYMENT_TARGET = 16.2;
				MTL_ENABLE_DEBUG_INFO = NO;
				MTL_FAST_MATH = YES;
				SDKROOT = iphoneos;
				SWIFT_COMPILATION_MODE = wholemodule;
				SWIFT_OPTIMIZATION_LEVEL = "-O";
				VALIDATE_PRODUCT = YES;
			};
			name = Release;
		};
		CE52A7A929A612CE00F68368 /* Debug */ = {
			isa = XCBuildConfiguration;
			buildSettings = {
				ASSETCATALOG_COMPILER_APPICON_NAME = AppIcon;
				ASSETCATALOG_COMPILER_GLOBAL_ACCENT_COLOR_NAME = AccentColor;
				CODE_SIGN_STYLE = Automatic;
				CURRENT_PROJECT_VERSION = 1;
				GENERATE_INFOPLIST_FILE = YES;
				INFOPLIST_FILE = koreitu/Info.plist;
				INFOPLIST_KEY_UIApplicationSupportsIndirectInputEvents = YES;
				INFOPLIST_KEY_UILaunchStoryboardName = LaunchScreen;
				INFOPLIST_KEY_UISupportedInterfaceOrientations_iPad = "UIInterfaceOrientationPortrait UIInterfaceOrientationPortraitUpsideDown UIInterfaceOrientationLandscapeLeft UIInterfaceOrientationLandscapeRight";
				INFOPLIST_KEY_UISupportedInterfaceOrientations_iPhone = "UIInterfaceOrientationPortrait UIInterfaceOrientationLandscapeLeft UIInterfaceOrientationLandscapeRight";
				LD_RUNPATH_SEARCH_PATHS = (
					"$(inherited)",
					"@executable_path/Frameworks",
				);
				MARKETING_VERSION = 1.0;
				PRODUCT_BUNDLE_IDENTIFIER = "jbcwz6341-gmail.com.koreitu";
				PRODUCT_NAME = "$(TARGET_NAME)";
				SWIFT_EMIT_LOC_STRINGS = YES;
				SWIFT_VERSION = 5.0;
				TARGETED_DEVICE_FAMILY = "1,2";
			};
			name = Debug;
		};
		CE52A7AA29A612CE00F68368 /* Release */ = {
			isa = XCBuildConfiguration;
			buildSettings = {
				ASSETCATALOG_COMPILER_APPICON_NAME = AppIcon;
				ASSETCATALOG_COMPILER_GLOBAL_ACCENT_COLOR_NAME = AccentColor;
				CODE_SIGN_STYLE = Automatic;
				CURRENT_PROJECT_VERSION = 1;
				GENERATE_INFOPLIST_FILE = YES;
				INFOPLIST_FILE = koreitu/Info.plist;
				INFOPLIST_KEY_UIApplicationSupportsIndirectInputEvents = YES;
				INFOPLIST_KEY_UILaunchStoryboardName = LaunchScreen;
				INFOPLIST_KEY_UISupportedInterfaceOrientations_iPad = "UIInterfaceOrientationPortrait UIInterfaceOrientationPortraitUpsideDown UIInterfaceOrientationLandscapeLeft UIInterfaceOrientationLandscapeRight";
				INFOPLIST_KEY_UISupportedInterfaceOrientations_iPhone = "UIInterfaceOrientationPortrait UIInterfaceOrientationLandscapeLeft UIInterfaceOrientationLandscapeRight";
				LD_RUNPATH_SEARCH_PATHS = (
					"$(inherited)",
					"@executable_path/Frameworks",
				);
				MARKETING_VERSION = 1.0;
				PRODUCT_BUNDLE_IDENTIFIER = "jbcwz6341-gmail.com.koreitu";
				PRODUCT_NAME = "$(TARGET_NAME)";
				SWIFT_EMIT_LOC_STRINGS = YES;
				SWIFT_VERSION = 5.0;
				TARGETED_DEVICE_FAMILY = "1,2";
			};
			name = Release;
		};
		CE52A7AC29A612CE00F68368 /* Debug */ = {
			isa = XCBuildConfiguration;
			buildSettings = {
				ALWAYS_EMBED_SWIFT_STANDARD_LIBRARIES = YES;
				BUNDLE_LOADER = "$(TEST_HOST)";
				CODE_SIGN_STYLE = Automatic;
				CURRENT_PROJECT_VERSION = 1;
				GENERATE_INFOPLIST_FILE = YES;
				IPHONEOS_DEPLOYMENT_TARGET = 16.2;
				MARKETING_VERSION = 1.0;
				PRODUCT_BUNDLE_IDENTIFIER = "jbcwz6341-gmail.com.koreituTests";
				PRODUCT_NAME = "$(TARGET_NAME)";
				SWIFT_EMIT_LOC_STRINGS = NO;
				SWIFT_VERSION = 5.0;
				TARGETED_DEVICE_FAMILY = "1,2";
				TEST_HOST = "$(BUILT_PRODUCTS_DIR)/koreitu.app/$(BUNDLE_EXECUTABLE_FOLDER_PATH)/koreitu";
			};
			name = Debug;
		};
		CE52A7AD29A612CE00F68368 /* Release */ = {
			isa = XCBuildConfiguration;
			buildSettings = {
				ALWAYS_EMBED_SWIFT_STANDARD_LIBRARIES = YES;
				BUNDLE_LOADER = "$(TEST_HOST)";
				CODE_SIGN_STYLE = Automatic;
				CURRENT_PROJECT_VERSION = 1;
				GENERATE_INFOPLIST_FILE = YES;
				IPHONEOS_DEPLOYMENT_TARGET = 16.2;
				MARKETING_VERSION = 1.0;
				PRODUCT_BUNDLE_IDENTIFIER = "jbcwz6341-gmail.com.koreituTests";
				PRODUCT_NAME = "$(TARGET_NAME)";
				SWIFT_EMIT_LOC_STRINGS = NO;
				SWIFT_VERSION = 5.0;
				TARGETED_DEVICE_FAMILY = "1,2";
				TEST_HOST = "$(BUILT_PRODUCTS_DIR)/koreitu.app/$(BUNDLE_EXECUTABLE_FOLDER_PATH)/koreitu";
			};
			name = Release;
		};
		CE52A7AF29A612CE00F68368 /* Debug */ = {
			isa = XCBuildConfiguration;
			buildSettings = {
				ALWAYS_EMBED_SWIFT_STANDARD_LIBRARIES = YES;
				CODE_SIGN_STYLE = Automatic;
				CURRENT_PROJECT_VERSION = 1;
				GENERATE_INFOPLIST_FILE = YES;
				MARKETING_VERSION = 1.0;
				PRODUCT_BUNDLE_IDENTIFIER = "jbcwz6341-gmail.com.koreituUITests";
				PRODUCT_NAME = "$(TARGET_NAME)";
				SWIFT_EMIT_LOC_STRINGS = NO;
				SWIFT_VERSION = 5.0;
				TARGETED_DEVICE_FAMILY = "1,2";
				TEST_TARGET_NAME = koreitu;
			};
			name = Debug;
		};
		CE52A7B029A612CE00F68368 /* Release */ = {
			isa = XCBuildConfiguration;
			buildSettings = {
				ALWAYS_EMBED_SWIFT_STANDARD_LIBRARIES = YES;
				CODE_SIGN_STYLE = Automatic;
				CURRENT_PROJECT_VERSION = 1;
				GENERATE_INFOPLIST_FILE = YES;
				MARKETING_VERSION = 1.0;
				PRODUCT_BUNDLE_IDENTIFIER = "jbcwz6341-gmail.com.koreituUITests";
				PRODUCT_NAME = "$(TARGET_NAME)";
				SWIFT_EMIT_LOC_STRINGS = NO;
				SWIFT_VERSION = 5.0;
				TARGETED_DEVICE_FAMILY = "1,2";
				TEST_TARGET_NAME = koreitu;
			};
			name = Release;
		};
/* End XCBuildConfiguration section */

/* Begin XCConfigurationList section */
		CE52A77929A612CA00F68368 /* Build configuration list for PBXProject "koreitu" */ = {
			isa = XCConfigurationList;
			buildConfigurations = (
				CE52A7A629A612CE00F68368 /* Debug */,
				CE52A7A729A612CE00F68368 /* Release */,
			);
			defaultConfigurationIsVisible = 0;
			defaultConfigurationName = Release;
		};
		CE52A7A829A612CE00F68368 /* Build configuration list for PBXNativeTarget "koreitu" */ = {
			isa = XCConfigurationList;
			buildConfigurations = (
				CE52A7A929A612CE00F68368 /* Debug */,
				CE52A7AA29A612CE00F68368 /* Release */,
			);
			defaultConfigurationIsVisible = 0;
			defaultConfigurationName = Release;
		};
		CE52A7AB29A612CE00F68368 /* Build configuration list for PBXNativeTarget "koreituTests" */ = {
			isa = XCConfigurationList;
			buildConfigurations = (
				CE52A7AC29A612CE00F68368 /* Debug */,
				CE52A7AD29A612CE00F68368 /* Release */,
			);
			defaultConfigurationIsVisible = 0;
			defaultConfigurationName = Release;
		};
		CE52A7AE29A612CE00F68368 /* Build configuration list for PBXNativeTarget "koreituUITests" */ = {
			isa = XCConfigurationList;
			buildConfigurations = (
				CE52A7AF29A612CE00F68368 /* Debug */,
				CE52A7B029A612CE00F68368 /* Release */,
			);
			defaultConfigurationIsVisible = 0;
			defaultConfigurationName = Release;
		};
/* End XCConfigurationList section */
	};
	rootObject = CE52A77629A612CA00F68368 /* Project object */;
}
